// !$*UTF8*$!
{
	archiveVersion = 1;
	classes = {
	};
	objectVersion = 46;
	objects = {

/* Begin PBXBuildFile section */
		014179B61EB6C83200315C15 /* AppDelegate.swift in Sources */ = {isa = PBXBuildFile; fileRef = 014179B51EB6C83200315C15 /* AppDelegate.swift */; };
		014179B81EB6C83200315C15 /* ViewController.swift in Sources */ = {isa = PBXBuildFile; fileRef = 014179B71EB6C83200315C15 /* ViewController.swift */; };
		014179BB1EB6C83200315C15 /* Main.storyboard in Resources */ = {isa = PBXBuildFile; fileRef = 014179B91EB6C83200315C15 /* Main.storyboard */; };
		014179BD1EB6C83200315C15 /* Assets.xcassets in Resources */ = {isa = PBXBuildFile; fileRef = 014179BC1EB6C83200315C15 /* Assets.xcassets */; };
		014179C01EB6C83200315C15 /* LaunchScreen.storyboard in Resources */ = {isa = PBXBuildFile; fileRef = 014179BE1EB6C83200315C15 /* LaunchScreen.storyboard */; };
		014179C81EB6C85A00315C15 /* GoogleService-Info.plist in Resources */ = {isa = PBXBuildFile; fileRef = 014179C71EB6C85A00315C15 /* GoogleService-Info.plist */; };
		014179CA1EB6CD5D00315C15 /* ComposeViewController.swift in Sources */ = {isa = PBXBuildFile; fileRef = 014179C91EB6CD5D00315C15 /* ComposeViewController.swift */; };
		A06FCFF6CD3094E687EA2505 /* Pods_messagingapp.framework in Frameworks */ = {isa = PBXBuildFile; fileRef = C2491BD9F667207B64084A52 /* Pods_messagingapp.framework */; };
/* End PBXBuildFile section */

/* Begin PBXFileReference section */
		014179B21EB6C83200315C15 /* messagingapp.app */ = {isa = PBXFileReference; explicitFileType = wrapper.application; includeInIndex = 0; path = messagingapp.app; sourceTree = BUILT_PRODUCTS_DIR; };
		014179B51EB6C83200315C15 /* AppDelegate.swift */ = {isa = PBXFileReference; lastKnownFileType = sourcecode.swift; path = AppDelegate.swift; sourceTree = "<group>"; };
		014179B71EB6C83200315C15 /* ViewController.swift */ = {isa = PBXFileReference; lastKnownFileType = sourcecode.swift; path = ViewController.swift; sourceTree = "<group>"; };
		014179BA1EB6C83200315C15 /* Base */ = {isa = PBXFileReference; lastKnownFileType = file.storyboard; name = Base; path = Base.lproj/Main.storyboard; sourceTree = "<group>"; };
		014179BC1EB6C83200315C15 /* Assets.xcassets */ = {isa = PBXFileReference; lastKnownFileType = folder.assetcatalog; path = Assets.xcassets; sourceTree = "<group>"; };
		014179BF1EB6C83200315C15 /* Base */ = {isa = PBXFileReference; lastKnownFileType = file.storyboard; name = Base; path = Base.lproj/LaunchScreen.storyboard; sourceTree = "<group>"; };
		014179C11EB6C83200315C15 /* Info.plist */ = {isa = PBXFileReference; lastKnownFileType = text.plist.xml; path = Info.plist; sourceTree = "<group>"; };
		014179C71EB6C85A00315C15 /* GoogleService-Info.plist */ = {isa = PBXFileReference; fileEncoding = 4; lastKnownFileType = text.plist.xml; path = "GoogleService-Info.plist"; sourceTree = "<group>"; };
		014179C91EB6CD5D00315C15 /* ComposeViewController.swift */ = {isa = PBXFileReference; fileEncoding = 4; lastKnownFileType = sourcecode.swift; path = ComposeViewController.swift; sourceTree = "<group>"; };
		1CC23715CF0326EBD47CA210 /* Pods-messagingapp.release.xcconfig */ = {isa = PBXFileReference; includeInIndex = 1; lastKnownFileType = text.xcconfig; name = "Pods-messagingapp.release.xcconfig"; path = "Pods/Target Support Files/Pods-messagingapp/Pods-messagingapp.release.xcconfig"; sourceTree = "<group>"; };
		4489367BA23EC0009A4511B0 /* Pods-messagingapp.debug.xcconfig */ = {isa = PBXFileReference; includeInIndex = 1; lastKnownFileType = text.xcconfig; name = "Pods-messagingapp.debug.xcconfig"; path = "Pods/Target Support Files/Pods-messagingapp/Pods-messagingapp.debug.xcconfig"; sourceTree = "<group>"; };
		C2491BD9F667207B64084A52 /* Pods_messagingapp.framework */ = {isa = PBXFileReference; explicitFileType = wrapper.framework; includeInIndex = 0; path = Pods_messagingapp.framework; sourceTree = BUILT_PRODUCTS_DIR; };
/* End PBXFileReference section */

/* Begin PBXFrameworksBuildPhase section */
		014179AF1EB6C83200315C15 /* Frameworks */ = {
			isa = PBXFrameworksBuildPhase;
			buildActionMask = 2147483647;
			files = (
				A06FCFF6CD3094E687EA2505 /* Pods_messagingapp.framework in Frameworks */,
			);
			runOnlyForDeploymentPostprocessing = 0;
		};
/* End PBXFrameworksBuildPhase section */

/* Begin PBXGroup section */
		014179A91EB6C83200315C15 = {
			isa = PBXGroup;
			children = (
				014179B41EB6C83200315C15 /* messagingapp */,
				014179B31EB6C83200315C15 /* Products */,
				A502997AE09471252B8881DA /* Pods */,
				193214DC21ED239BF45E2551 /* Frameworks */,
			);
			sourceTree = "<group>";
		};
		014179B31EB6C83200315C15 /* Products */ = {
			isa = PBXGroup;
			children = (
				014179B21EB6C83200315C15 /* messagingapp.app */,
			);
			name = Products;
			sourceTree = "<group>";
		};
		014179B41EB6C83200315C15 /* messagingapp */ = {
			isa = PBXGroup;
			children = (
				014179B51EB6C83200315C15 /* AppDelegate.swift */,
				014179B71EB6C83200315C15 /* ViewController.swift */,
				014179B91EB6C83200315C15 /* Main.storyboard */,
				014179C91EB6CD5D00315C15 /* ComposeViewController.swift */,
				014179BC1EB6C83200315C15 /* Assets.xcassets */,
				014179BE1EB6C83200315C15 /* LaunchScreen.storyboard */,
				014179C11EB6C83200315C15 /* Info.plist */,
				014179C71EB6C85A00315C15 /* GoogleService-Info.plist */,
			);
			path = messagingapp;
			sourceTree = "<group>";
		};
		193214DC21ED239BF45E2551 /* Frameworks */ = {
			isa = PBXGroup;
			children = (
				C2491BD9F667207B64084A52 /* Pods_messagingapp.framework */,
			);
			name = Frameworks;
			sourceTree = "<group>";
		};
		A502997AE09471252B8881DA /* Pods */ = {
			isa = PBXGroup;
			children = (
				4489367BA23EC0009A4511B0 /* Pods-messagingapp.debug.xcconfig */,
				1CC23715CF0326EBD47CA210 /* Pods-messagingapp.release.xcconfig */,
			);
			name = Pods;
			sourceTree = "<group>";
		};
/* End PBXGroup section */

/* Begin PBXNativeTarget section */
		014179B11EB6C83200315C15 /* messagingapp */ = {
			isa = PBXNativeTarget;
			buildConfigurationList = 014179C41EB6C83200315C15 /* Build configuration list for PBXNativeTarget "messagingapp" */;
			buildPhases = (
				94AECCE254BD7F24943D06AD /* [CP] Check Pods Manifest.lock */,
				014179AE1EB6C83200315C15 /* Sources */,
				014179AF1EB6C83200315C15 /* Frameworks */,
				014179B01EB6C83200315C15 /* Resources */,
				B039B1FF2ED7C7DBADAD9334 /* [CP] Embed Pods Frameworks */,
				EDD5187B90F7B3C1C13B5CAE /* [CP] Copy Pods Resources */,
			);
			buildRules = (
			);
			dependencies = (
			);
			name = messagingapp;
			productName = messagingapp;
			productReference = 014179B21EB6C83200315C15 /* messagingapp.app */;
			productType = "com.apple.product-type.application";
		};
/* End PBXNativeTarget section */

/* Begin PBXProject section */
		014179AA1EB6C83200315C15 /* Project object */ = {
			isa = PBXProject;
			attributes = {
				LastSwiftUpdateCheck = 0830;
				LastUpgradeCheck = 0830;
				ORGANIZATIONNAME = "Nick Reichard";
				TargetAttributes = {
					014179B11EB6C83200315C15 = {
						CreatedOnToolsVersion = 8.3.2;
						DevelopmentTeam = MU4CK45G4T;
						ProvisioningStyle = Automatic;
					};
				};
			};
			buildConfigurationList = 014179AD1EB6C83200315C15 /* Build configuration list for PBXProject "messagingapp" */;
			compatibilityVersion = "Xcode 3.2";
			developmentRegion = English;
			hasScannedForEncodings = 0;
			knownRegions = (
				en,
				Base,
			);
			mainGroup = 014179A91EB6C83200315C15;
			productRefGroup = 014179B31EB6C83200315C15 /* Products */;
			projectDirPath = "";
			projectRoot = "";
			targets = (
				014179B11EB6C83200315C15 /* messagingapp */,
			);
		};
/* End PBXProject section */

/* Begin PBXResourcesBuildPhase section */
		014179B01EB6C83200315C15 /* Resources */ = {
			isa = PBXResourcesBuildPhase;
			buildActionMask = 2147483647;
			files = (
				014179C01EB6C83200315C15 /* LaunchScreen.storyboard in Resources */,
				014179C81EB6C85A00315C15 /* GoogleService-Info.plist in Resources */,
				014179BD1EB6C83200315C15 /* Assets.xcassets in Resources */,
				014179BB1EB6C83200315C15 /* Main.storyboard in Resources */,
			);
			runOnlyForDeploymentPostprocessing = 0;
		};
/* End PBXResourcesBuildPhase section */

/* Begin PBXShellScriptBuildPhase section */
		94AECCE254BD7F24943D06AD /* [CP] Check Pods Manifest.lock */ = {
			isa = PBXShellScriptBuildPhase;
			buildActionMask = 2147483647;
			files = (
			);
			inputPaths = (
			);
			name = "[CP] Check Pods Manifest.lock";
			outputPaths = (
			);
			runOnlyForDeploymentPostprocessing = 0;
			shellPath = /bin/sh;
			shellScript = "diff \"${PODS_PODFILE_DIR_PATH}/Podfile.lock\" \"${PODS_ROOT}/Manifest.lock\" > /dev/null\nif [ $? != 0 ] ; then\n    # print error to STDERR\n    echo \"error: The sandbox is not in sync with the Podfile.lock. Run 'pod install' or update your CocoaPods installation.\" >&2\n    exit 1\nfi\n";
			showEnvVarsInLog = 0;
		};
		B039B1FF2ED7C7DBADAD9334 /* [CP] Embed Pods Frameworks */ = {
			isa = PBXShellScriptBuildPhase;
			buildActionMask = 2147483647;
			files = (
			);
			inputPaths = (
			);
			name = "[CP] Embed Pods Frameworks";
			outputPaths = (
			);
			runOnlyForDeploymentPostprocessing = 0;
			shellPath = /bin/sh;
			shellScript = "\"${SRCROOT}/Pods/Target Support Files/Pods-messagingapp/Pods-messagingapp-frameworks.sh\"\n";
			showEnvVarsInLog = 0;
		};
		EDD5187B90F7B3C1C13B5CAE /* [CP] Copy Pods Resources */ = {
			isa = PBXShellScriptBuildPhase;
			buildActionMask = 2147483647;
			files = (
			);
			inputPaths = (
			);
			name = "[CP] Copy Pods Resources";
			outputPaths = (
			);
			runOnlyForDeploymentPostprocessing = 0;
			shellPath = /bin/sh;
			shellScript = "\"${SRCROOT}/Pods/Target Support Files/Pods-messagingapp/Pods-messagingapp-resources.sh\"\n";
			showEnvVarsInLog = 0;
		};
/* End PBXShellScriptBuildPhase section */

/* Begin PBXSourcesBuildPhase section */
		014179AE1EB6C83200315C15 /* Sources */ = {
			isa = PBXSourcesBuildPhase;
			buildActionMask = 2147483647;
			files = (
				014179CA1EB6CD5D00315C15 /* ComposeViewController.swift in Sources */,
				014179B81EB6C83200315C15 /* ViewController.swift in Sources */,
				014179B61EB6C83200315C15 /* AppDelegate.swift in Sources */,
			);
			runOnlyForDeploymentPostprocessing = 0;
		};
/* End PBXSourcesBuildPhase section */

/* Begin PBXVariantGroup section */
		014179B91EB6C83200315C15 /* Main.storyboard */ = {
			isa = PBXVariantGroup;
			children = (
				014179BA1EB6C83200315C15 /* Base */,
			);
			name = Main.storyboard;
			sourceTree = "<group>";
		};
		014179BE1EB6C83200315C15 /* LaunchScreen.storyboard */ = {
			isa = PBXVariantGroup;
			children = (
				014179BF1EB6C83200315C15 /* Base */,
			);
			name = LaunchScreen.storyboard;
			sourceTree = "<group>";
		};
/* End PBXVariantGroup section */

/* Begin XCBuildConfiguration section */
		014179C21EB6C83200315C15 /* Debug */ = {
			isa = XCBuildConfiguration;
			buildSettings = {
				ALWAYS_SEARCH_USER_PATHS = NO;
				CLANG_ANALYZER_NONNULL = YES;
				CLANG_ANALYZER_NUMBER_OBJECT_CONVERSION = YES_AGGRESSIVE;
				CLANG_CXX_LANGUAGE_STANDARD = "gnu++0x";
				CLANG_CXX_LIBRARY = "libc++";
				CLANG_ENABLE_MODULES = YES;
				CLANG_ENABLE_OBJC_ARC = YES;
				CLANG_WARN_BOOL_CONVERSION = YES;
				CLANG_WARN_CONSTANT_CONVERSION = YES;
				CLANG_WARN_DIRECT_OBJC_ISA_USAGE = YES_ERROR;
				CLANG_WARN_DOCUMENTATION_COMMENTS = YES;
				CLANG_WARN_EMPTY_BODY = YES;
				CLANG_WARN_ENUM_CONVERSION = YES;
				CLANG_WARN_INFINITE_RECURSION = YES;
				CLANG_WARN_INT_CONVERSION = YES;
				CLANG_WARN_OBJC_ROOT_CLASS = YES_ERROR;
				CLANG_WARN_SUSPICIOUS_MOVE = YES;
				CLANG_WARN_UNREACHABLE_CODE = YES;
				CLANG_WARN__DUPLICATE_METHOD_MATCH = YES;
				"CODE_SIGN_IDENTITY[sdk=iphoneos*]" = "iPhone Developer";
				COPY_PHASE_STRIP = NO;
				DEBUG_INFORMATION_FORMAT = dwarf;
				ENABLE_STRICT_OBJC_MSGSEND = YES;
				ENABLE_TESTABILITY = YES;
				GCC_C_LANGUAGE_STANDARD = gnu99;
				GCC_DYNAMIC_NO_PIC = NO;
				GCC_NO_COMMON_BLOCKS = YES;
				GCC_OPTIMIZATION_LEVEL = 0;
				GCC_PREPROCESSOR_DEFINITIONS = (
					"DEBUG=1",
					"$(inherited)",
				);
				GCC_WARN_64_TO_32_BIT_CONVERSION = YES;
				GCC_WARN_ABOUT_RETURN_TYPE = YES_ERROR;
				GCC_WARN_UNDECLARED_SELECTOR = YES;
				GCC_WARN_UNINITIALIZED_AUTOS = YES_AGGRESSIVE;
				GCC_WARN_UNUSED_FUNCTION = YES;
				GCC_WARN_UNUSED_VARIABLE = YES;
				IPHONEOS_DEPLOYMENT_TARGET = 10.3;
				MTL_ENABLE_DEBUG_INFO = YES;
				ONLY_ACTIVE_ARCH = YES;
				SDKROOT = iphoneos;
				SWIFT_ACTIVE_COMPILATION_CONDITIONS = DEBUG;
				SWIFT_OPTIMIZATION_LEVEL = "-Onone";
				TARGETED_DEVICE_FAMILY = "1,2";
			};
			name = Debug;
		};
		014179C31EB6C83200315C15 /* Release */ = {
			isa = XCBuildConfiguration;
			buildSettings = {
				ALWAYS_SEARCH_USER_PATHS = NO;
				CLANG_ANALYZER_NONNULL = YES;
				CLANG_ANALYZER_NUMBER_OBJECT_CONVERSION = YES_AGGRESSIVE;
				CLANG_CXX_LANGUAGE_STANDARD = "gnu++0x";
				CLANG_CXX_LIBRARY = "libc++";
				CLANG_ENABLE_MODULES = YES;
				CLANG_ENABLE_OBJC_ARC = YES;
				CLANG_WARN_BOOL_CONVERSION = YES;
				CLANG_WARN_CONSTANT_CONVERSION = YES;
				CLANG_WARN_DIRECT_OBJC_ISA_USAGE = YES_ERROR;
				CLANG_WARN_DOCUMENTATION_COMMENTS = YES;
				CLANG_WARN_EMPTY_BODY = YES;
				CLANG_WARN_ENUM_CONVERSION = YES;
				CLANG_WARN_INFINITE_RECURSION = YES;
				CLANG_WARN_INT_CONVERSION = YES;
				CLANG_WARN_OBJC_ROOT_CLASS = YES_ERROR;
				CLANG_WARN_SUSPICIOUS_MOVE = YES;
				CLANG_WARN_UNREACHABLE_CODE = YES;
				CLANG_WARN__DUPLICATE_METHOD_MATCH = YES;
				"CODE_SIGN_IDENTITY[sdk=iphoneos*]" = "iPhone Developer";
				COPY_PHASE_STRIP = NO;
				DEBUG_INFORMATION_FORMAT = "dwarf-with-dsym";
				ENABLE_NS_ASSERTIONS = NO;
				ENABLE_STRICT_OBJC_MSGSEND = YES;
				GCC_C_LANGUAGE_STANDARD = gnu99;
				GCC_NO_COMMON_BLOCKS = YES;
				GCC_WARN_64_TO_32_BIT_CONVERSION = YES;
				GCC_WARN_ABOUT_RETURN_TYPE = YES_ERROR;
				GCC_WARN_UNDECLARED_SELECTOR = YES;
				GCC_WARN_UNINITIALIZED_AUTOS = YES_AGGRESSIVE;
				GCC_WARN_UNUSED_FUNCTION = YES;
				GCC_WARN_UNUSED_VARIABLE = YES;
				IPHONEOS_DEPLOYMENT_TARGET = 10.3;
				MTL_ENABLE_DEBUG_INFO = NO;
				SDKROOT = iphoneos;
				SWIFT_OPTIMIZATION_LEVEL = "-Owholemodule";
				TARGETED_DEVICE_FAMILY = "1,2";
				VALIDATE_PRODUCT = YES;
			};
			name = Release;
		};
		014179C51EB6C83200315C15 /* Debug */ = {
			isa = XCBuildConfiguration;
			baseConfigurationReference = 4489367BA23EC0009A4511B0 /* Pods-messagingapp.debug.xcconfig */;
			buildSettings = {
				ASSETCATALOG_COMPILER_APPICON_NAME = AppIcon;
				DEVELOPMENT_TEAM = MU4CK45G4T;
				INFOPLIST_FILE = messagingapp/Info.plist;
				LD_RUNPATH_SEARCH_PATHS = "$(inherited) @executable_path/Frameworks";
				PRODUCT_BUNDLE_IDENTIFIER = com.nickreichard..messagingapp;
				PRODUCT_NAME = "$(TARGET_NAME)";
				SWIFT_VERSION = 3.0;
			};
			name = Debug;
		};
		014179C61EB6C83200315C15 /* Release */ = {
			isa = XCBuildConfiguration;
			baseConfigurationReference = 1CC23715CF0326EBD47CA210 /* Pods-messagingapp.release.xcconfig */;
			buildSettings = {
				ASSETCATALOG_COMPILER_APPICON_NAME = AppIcon;
				DEVELOPMENT_TEAM = MU4CK45G4T;
				INFOPLIST_FILE = messagingapp/Info.plist;
				LD_RUNPATH_SEARCH_PATHS = "$(inherited) @executable_path/Frameworks";
				PRODUCT_BUNDLE_IDENTIFIER = com.nickreichard..messagingapp;
				PRODUCT_NAME = "$(TARGET_NAME)";
				SWIFT_VERSION = 3.0;
			};
			name = Release;
		};
/* End XCBuildConfiguration section */

/* Begin XCConfigurationList section */
		014179AD1EB6C83200315C15 /* Build configuration list for PBXProject "messagingapp" */ = {
			isa = XCConfigurationList;
			buildConfigurations = (
				014179C21EB6C83200315C15 /* Debug */,
				014179C31EB6C83200315C15 /* Release */,
			);
			defaultConfigurationIsVisible = 0;
			defaultConfigurationName = Release;
		};
		014179C41EB6C83200315C15 /* Build configuration list for PBXNativeTarget "messagingapp" */ = {
			isa = XCConfigurationList;
			buildConfigurations = (
				014179C51EB6C83200315C15 /* Debug */,
				014179C61EB6C83200315C15 /* Release */,
			);
			defaultConfigurationIsVisible = 0;
			defaultConfigurationName = Release;
		};
/* End XCConfigurationList section */
	};
	rootObject = 014179AA1EB6C83200315C15 /* Project object */;
}
